
Microsoft Visual Studio Solution File, Format Version 12.00
# Visual Studio Version 16
VisualStudioVersion = 16.0.29519.181
MinimumVisualStudioVersion = 10.0.40219.1
Project("{FAE04EC0-301F-11D3-BF4B-00C04F79EFBC}") = "ExchangeRates", "ExchangeRates\ExchangeRates.csproj", "{9968C3D9-B560-437A-A3DD-4CC9010AF1A4}"
EndProject
Global
	GlobalSection(SolutionConfigurationPlatforms) = preSolution
		Debug|Any CPU = Debug|Any CPU
		Release|Any CPU = Release|Any CPU
	EndGlobalSection
	GlobalSection(ProjectConfigurationPlatforms) = postSolution
		{9968C3D9-B560-437A-A3DD-4CC9010AF1A4}.Debug|Any CPU.ActiveCfg = Debug|Any CPU
		{9968C3D9-B560-437A-A3DD-4CC9010AF1A4}.Debug|Any CPU.Build.0 = Debug|Any CPU
		{9968C3D9-B560-437A-A3DD-4CC9010AF1A4}.Release|Any CPU.ActiveCfg = Release|Any CPU
		{9968C3D9-B560-437A-A3DD-4CC9010AF1A4}.Release|Any CPU.Build.0 = Release|Any CPU
	EndGlobalSection
	GlobalSection(SolutionProperties) = preSolution
		HideSolutionNode = FALSE
	EndGlobalSection
	GlobalSection(ExtensibilityGlobals) = postSolution
		SolutionGuid = {042814A3-B55F-4FC7-9755-45135D23005A}
	EndGlobalSection
EndGlobal
